{
  "version": "v1",
  "packages": {
    "@flowda-projects/flowda-theia-design": {
      "signature": "e0e3b521f73bf8c3d080b24e06736290",
      "file": true
    },
    "@flowda-projects/flowda-gateway-trpc-server": {
      "signature": "e25fab6b19bb6de3d3ee5f4fdc09af6a",
      "file": true
    },
    "@flowda-projects/flowda-shared-types": {
      "signature": "209ac8ded566875bf5a2df6c801b6bb2",
      "file": true
    }
  }
}