{
  "version": "v1",
  "packages": {
    "@flowda/types": {
      "signature": "201489dd1153a13e453c70027b164256",
      "link": true
    },
    "@flowda-projects/flowda-gateway-trpc-server": {
      "signature": "ba6cc3e0ad39c83ff6775f1adec25c84",
      "link": true
    },
    "@flowda/design": {
      "signature": "0bdb3718a46887cea2c51ec2a8f7dc08",
      "link": true
    }
  }
}