{
  "version": "v1",
  "packages": {
    "@flowda-projects/flowda-theia-design": {
      "signature": "a807651bd987a3c6d57dc380dade972f",
      "file": true
    },
    "@flowda-projects/flowda-gateway-trpc-server": {
      "signature": "5f3d0af7dfa00e4263ff2af83c360219",
      "file": true
    },
    "@flowda-projects/flowda-shared-types": {
      "signature": "1a6fb7257fb3b69560b4622beb3eb179",
      "file": true
    }
  }
}