{
  "version": "v1",
  "packages": {
    "@flowda/theia-plugin": {
      "signature": "2c68ae5a7d5012036d09ba62cc003088",
      "file": true
    },
    "@flowda/design": {
      "signature": "c97bf4150984e7c06bdc6a6003e1152f",
      "file": true
    },
    "@flowda/types": {
      "signature": "c0bcb7cb410dcc8a7298b8da68ac94e4",
      "file": true
    },
    "@flowda/shared": {
      "signature": "308a3e86d13532419a6734e238fed965",
      "file": true
    }
  }
}